
Microsoft Visual Studio Solution File, Format Version 12.00
# Visual Studio Version 17
VisualStudioVersion = 17.3.32929.385
MinimumVisualStudioVersion = 10.0.40219.1
Project("{FAE04EC0-301F-11D3-BF4B-00C04F79EFBC}") = "CleanBudget", "CleanBudget.csproj", "{F5B1DBAD-C02A-4186-ACC0-85B183170C8E}"
EndProject
Global
	GlobalSection(SolutionConfigurationPlatforms) = preSolution
		Debug|Any CPU = Debug|Any CPU
		Release|Any CPU = Release|Any CPU
	EndGlobalSection
	GlobalSection(ProjectConfigurationPlatforms) = postSolution
		{F5B1DBAD-C02A-4186-ACC0-85B183170C8E}.Debug|Any CPU.ActiveCfg = Debug|Any CPU
		{F5B1DBAD-C02A-4186-ACC0-85B183170C8E}.Debug|Any CPU.Build.0 = Debug|Any CPU
		{F5B1DBAD-C02A-4186-ACC0-85B183170C8E}.Release|Any CPU.ActiveCfg = Release|Any CPU
		{F5B1DBAD-C02A-4186-ACC0-85B183170C8E}.Release|Any CPU.Build.0 = Release|Any CPU
	EndGlobalSection
	GlobalSection(SolutionProperties) = preSolution
		HideSolutionNode = FALSE
	EndGlobalSection
	GlobalSection(ExtensibilityGlobals) = postSolution
		SolutionGuid = {50C9837E-FFF6-40DB-A0B1-FFB92D16C356}
	EndGlobalSection
EndGlobal
